
Microsoft Visual Studio Solution File, Format Version 12.00
# Visual Studio Version 16
VisualStudioVersion = 16.0.34031.81
MinimumVisualStudioVersion = 10.0.40219.1
Project("{FAE04EC0-301F-11D3-BF4B-00C04F79EFBC}") = "DBFirstApproachLatest", "DBFirstApproachLatest.csproj", "{1CBDA4FA-2D65-4429-A9D6-F6285E817E81}"
EndProject
Global
	GlobalSection(SolutionConfigurationPlatforms) = preSolution
		Debug|Any CPU = Debug|Any CPU
		Release|Any CPU = Release|Any CPU
	EndGlobalSection
	GlobalSection(ProjectConfigurationPlatforms) = postSolution
		{1CBDA4FA-2D65-4429-A9D6-F6285E817E81}.Debug|Any CPU.ActiveCfg = Debug|Any CPU
		{1CBDA4FA-2D65-4429-A9D6-F6285E817E81}.Debug|Any CPU.Build.0 = Debug|Any CPU
		{1CBDA4FA-2D65-4429-A9D6-F6285E817E81}.Release|Any CPU.ActiveCfg = Release|Any CPU
		{1CBDA4FA-2D65-4429-A9D6-F6285E817E81}.Release|Any CPU.Build.0 = Release|Any CPU
	EndGlobalSection
	GlobalSection(SolutionProperties) = preSolution
		HideSolutionNode = FALSE
	EndGlobalSection
	GlobalSection(ExtensibilityGlobals) = postSolution
		SolutionGuid = {C9F9CCE4-F14B-485F-B9C5-0DF8965F6FF4}
	EndGlobalSection
EndGlobal
